// !$*UTF8*$!
{
	archiveVersion = 1;
	classes = {
	};
	objectVersion = 50;
	objects = {

/* Begin PBXBuildFile section */
		F405E0B124347C1A00685404 /* AppDelegate.swift in Sources */ = {isa = PBXBuildFile; fileRef = F405E0B024347C1A00685404 /* AppDelegate.swift */; };
		F405E0B324347C1A00685404 /* SceneDelegate.swift in Sources */ = {isa = PBXBuildFile; fileRef = F405E0B224347C1A00685404 /* SceneDelegate.swift */; };
		F405E0B624347C1A00685404 /* Bookworm.xcdatamodeld in Sources */ = {isa = PBXBuildFile; fileRef = F405E0B424347C1A00685404 /* Bookworm.xcdatamodeld */; };
		F405E0B824347C1A00685404 /* ContentView.swift in Sources */ = {isa = PBXBuildFile; fileRef = F405E0B724347C1A00685404 /* ContentView.swift */; };
		F405E0BA24347C1A00685404 /* Assets.xcassets in Resources */ = {isa = PBXBuildFile; fileRef = F405E0B924347C1A00685404 /* Assets.xcassets */; };
		F405E0BD24347C1A00685404 /* Preview Assets.xcassets in Resources */ = {isa = PBXBuildFile; fileRef = F405E0BC24347C1A00685404 /* Preview Assets.xcassets */; };
		F405E0C024347C1A00685404 /* LaunchScreen.storyboard in Resources */ = {isa = PBXBuildFile; fileRef = F405E0BE24347C1A00685404 /* LaunchScreen.storyboard */; };
		F405E0C82434CC0800685404 /* AddBookView.swift in Sources */ = {isa = PBXBuildFile; fileRef = F405E0C72434CC0800685404 /* AddBookView.swift */; };
		F405E0CA2434D16800685404 /* RatingView.swift in Sources */ = {isa = PBXBuildFile; fileRef = F405E0C92434D16800685404 /* RatingView.swift */; };
		F405E0CC2434D61B00685404 /* EmojiRatingView.swift in Sources */ = {isa = PBXBuildFile; fileRef = F405E0CB2434D61B00685404 /* EmojiRatingView.swift */; };
/* End PBXBuildFile section */

/* Begin PBXFileReference section */
		F405E0AD24347C1A00685404 /* Bookworm.app */ = {isa = PBXFileReference; explicitFileType = wrapper.application; includeInIndex = 0; path = Bookworm.app; sourceTree = BUILT_PRODUCTS_DIR; };
		F405E0B024347C1A00685404 /* AppDelegate.swift */ = {isa = PBXFileReference; lastKnownFileType = sourcecode.swift; path = AppDelegate.swift; sourceTree = "<group>"; };
		F405E0B224347C1A00685404 /* SceneDelegate.swift */ = {isa = PBXFileReference; lastKnownFileType = sourcecode.swift; path = SceneDelegate.swift; sourceTree = "<group>"; };
		F405E0B524347C1A00685404 /* Bookworm.xcdatamodel */ = {isa = PBXFileReference; lastKnownFileType = wrapper.xcdatamodel; path = Bookworm.xcdatamodel; sourceTree = "<group>"; };
		F405E0B724347C1A00685404 /* ContentView.swift */ = {isa = PBXFileReference; lastKnownFileType = sourcecode.swift; path = ContentView.swift; sourceTree = "<group>"; };
		F405E0B924347C1A00685404 /* Assets.xcassets */ = {isa = PBXFileReference; lastKnownFileType = folder.assetcatalog; path = Assets.xcassets; sourceTree = "<group>"; };
		F405E0BC24347C1A00685404 /* Preview Assets.xcassets */ = {isa = PBXFileReference; lastKnownFileType = folder.assetcatalog; path = "Preview Assets.xcassets"; sourceTree = "<group>"; };
		F405E0BF24347C1A00685404 /* Base */ = {isa = PBXFileReference; lastKnownFileType = file.storyboard; name = Base; path = Base.lproj/LaunchScreen.storyboard; sourceTree = "<group>"; };
		F405E0C124347C1A00685404 /* Info.plist */ = {isa = PBXFileReference; lastKnownFileType = text.plist.xml; path = Info.plist; sourceTree = "<group>"; };
		F405E0C72434CC0800685404 /* AddBookView.swift */ = {isa = PBXFileReference; lastKnownFileType = sourcecode.swift; path = AddBookView.swift; sourceTree = "<group>"; };
		F405E0C92434D16800685404 /* RatingView.swift */ = {isa = PBXFileReference; lastKnownFileType = sourcecode.swift; path = RatingView.swift; sourceTree = "<group>"; };
		F405E0CB2434D61B00685404 /* EmojiRatingView.swift */ = {isa = PBXFileReference; lastKnownFileType = sourcecode.swift; path = EmojiRatingView.swift; sourceTree = "<group>"; };
/* End PBXFileReference section */

/* Begin PBXFrameworksBuildPhase section */
		F405E0AA24347C1900685404 /* Frameworks */ = {
			isa = PBXFrameworksBuildPhase;
			buildActionMask = 2147483647;
			files = (
			);
			runOnlyForDeploymentPostprocessing = 0;
		};
/* End PBXFrameworksBuildPhase section */

/* Begin PBXGroup section */
		F405E0A424347C1900685404 = {
			isa = PBXGroup;
			children = (
				F405E0AF24347C1A00685404 /* Bookworm */,
				F405E0AE24347C1A00685404 /* Products */,
			);
			sourceTree = "<group>";
		};
		F405E0AE24347C1A00685404 /* Products */ = {
			isa = PBXGroup;
			children = (
				F405E0AD24347C1A00685404 /* Bookworm.app */,
			);
			name = Products;
			sourceTree = "<group>";
		};
		F405E0AF24347C1A00685404 /* Bookworm */ = {
			isa = PBXGroup;
			children = (
				F405E0B024347C1A00685404 /* AppDelegate.swift */,
				F405E0B224347C1A00685404 /* SceneDelegate.swift */,
				F405E0B724347C1A00685404 /* ContentView.swift */,
				F405E0C72434CC0800685404 /* AddBookView.swift */,
				F405E0C92434D16800685404 /* RatingView.swift */,
				F405E0B924347C1A00685404 /* Assets.xcassets */,
				F405E0BE24347C1A00685404 /* LaunchScreen.storyboard */,
				F405E0C124347C1A00685404 /* Info.plist */,
				F405E0B424347C1A00685404 /* Bookworm.xcdatamodeld */,
				F405E0BB24347C1A00685404 /* Preview Content */,
				F405E0CB2434D61B00685404 /* EmojiRatingView.swift */,
			);
			path = Bookworm;
			sourceTree = "<group>";
		};
		F405E0BB24347C1A00685404 /* Preview Content */ = {
			isa = PBXGroup;
			children = (
				F405E0BC24347C1A00685404 /* Preview Assets.xcassets */,
			);
			path = "Preview Content";
			sourceTree = "<group>";
		};
/* End PBXGroup section */

/* Begin PBXNativeTarget section */
		F405E0AC24347C1900685404 /* Bookworm */ = {
			isa = PBXNativeTarget;
			buildConfigurationList = F405E0C424347C1A00685404 /* Build configuration list for PBXNativeTarget "Bookworm" */;
			buildPhases = (
				F405E0A924347C1900685404 /* Sources */,
				F405E0AA24347C1900685404 /* Frameworks */,
				F405E0AB24347C1900685404 /* Resources */,
			);
			buildRules = (
			);
			dependencies = (
			);
			name = Bookworm;
			productName = Bookworm;
			productReference = F405E0AD24347C1A00685404 /* Bookworm.app */;
			productType = "com.apple.product-type.application";
		};
/* End PBXNativeTarget section */

/* Begin PBXProject section */
		F405E0A524347C1900685404 /* Project object */ = {
			isa = PBXProject;
			attributes = {
				LastSwiftUpdateCheck = 1140;
				LastUpgradeCheck = 1140;
				ORGANIZATIONNAME = "Stefan Steinbauer";
				TargetAttributes = {
					F405E0AC24347C1900685404 = {
						CreatedOnToolsVersion = 11.4;
					};
				};
			};
			buildConfigurationList = F405E0A824347C1900685404 /* Build configuration list for PBXProject "Bookworm" */;
			compatibilityVersion = "Xcode 9.3";
			developmentRegion = en;
			hasScannedForEncodings = 0;
			knownRegions = (
				en,
				Base,
			);
			mainGroup = F405E0A424347C1900685404;
			productRefGroup = F405E0AE24347C1A00685404 /* Products */;
			projectDirPath = "";
			projectRoot = "";
			targets = (
				F405E0AC24347C1900685404 /* Bookworm */,
			);
		};
/* End PBXProject section */

/* Begin PBXResourcesBuildPhase section */
		F405E0AB24347C1900685404 /* Resources */ = {
			isa = PBXResourcesBuildPhase;
			buildActionMask = 2147483647;
			files = (
				F405E0C024347C1A00685404 /* LaunchScreen.storyboard in Resources */,
				F405E0BD24347C1A00685404 /* Preview Assets.xcassets in Resources */,
				F405E0BA24347C1A00685404 /* Assets.xcassets in Resources */,
			);
			runOnlyForDeploymentPostprocessing = 0;
		};
/* End PBXResourcesBuildPhase section */

/* Begin PBXSourcesBuildPhase section */
		F405E0A924347C1900685404 /* Sources */ = {
			isa = PBXSourcesBuildPhase;
			buildActionMask = 2147483647;
			files = (
				F405E0B124347C1A00685404 /* AppDelegate.swift in Sources */,
				F405E0CC2434D61B00685404 /* EmojiRatingView.swift in Sources */,
				F405E0B624347C1A00685404 /* Bookworm.xcdatamodeld in Sources */,
				F405E0B824347C1A00685404 /* ContentView.swift in Sources */,
				F405E0CA2434D16800685404 /* RatingView.swift in Sources */,
				F405E0B324347C1A00685404 /* SceneDelegate.swift in Sources */,
				F405E0C82434CC0800685404 /* AddBookView.swift in Sources */,
			);
			runOnlyForDeploymentPostprocessing = 0;
		};
/* End PBXSourcesBuildPhase section */

/* Begin PBXVariantGroup section */
		F405E0BE24347C1A00685404 /* LaunchScreen.storyboard */ = {
			isa = PBXVariantGroup;
			children = (
				F405E0BF24347C1A00685404 /* Base */,
			);
			name = LaunchScreen.storyboard;
			sourceTree = "<group>";
		};
/* End PBXVariantGroup section */

/* Begin XCBuildConfiguration section */
		F405E0C224347C1A00685404 /* Debug */ = {
			isa = XCBuildConfiguration;
			buildSettings = {
				ALWAYS_SEARCH_USER_PATHS = NO;
				CLANG_ANALYZER_NONNULL = YES;
				CLANG_ANALYZER_NUMBER_OBJECT_CONVERSION = YES_AGGRESSIVE;
				CLANG_CXX_LANGUAGE_STANDARD = "gnu++14";
				CLANG_CXX_LIBRARY = "libc++";
				CLANG_ENABLE_MODULES = YES;
				CLANG_ENABLE_OBJC_ARC = YES;
				CLANG_ENABLE_OBJC_WEAK = YES;
				CLANG_WARN_BLOCK_CAPTURE_AUTORELEASING = YES;
				CLANG_WARN_BOOL_CONVERSION = YES;
				CLANG_WARN_COMMA = YES;
				CLANG_WARN_CONSTANT_CONVERSION = YES;
				CLANG_WARN_DEPRECATED_OBJC_IMPLEMENTATIONS = YES;
				CLANG_WARN_DIRECT_OBJC_ISA_USAGE = YES_ERROR;
				CLANG_WARN_DOCUMENTATION_COMMENTS = YES;
				CLANG_WARN_EMPTY_BODY = YES;
				CLANG_WARN_ENUM_CONVERSION = YES;
				CLANG_WARN_INFINITE_RECURSION = YES;
				CLANG_WARN_INT_CONVERSION = YES;
				CLANG_WARN_NON_LITERAL_NULL_CONVERSION = YES;
				CLANG_WARN_OBJC_IMPLICIT_RETAIN_SELF = YES;
				CLANG_WARN_OBJC_LITERAL_CONVERSION = YES;
				CLANG_WARN_OBJC_ROOT_CLASS = YES_ERROR;
				CLANG_WARN_RANGE_LOOP_ANALYSIS = YES;
				CLANG_WARN_STRICT_PROTOTYPES = YES;
				CLANG_WARN_SUSPICIOUS_MOVE = YES;
				CLANG_WARN_UNGUARDED_AVAILABILITY = YES_AGGRESSIVE;
				CLANG_WARN_UNREACHABLE_CODE = YES;
				CLANG_WARN__DUPLICATE_METHOD_MATCH = YES;
				COPY_PHASE_STRIP = NO;
				DEBUG_INFORMATION_FORMAT = dwarf;
				ENABLE_STRICT_OBJC_MSGSEND = YES;
				ENABLE_TESTABILITY = YES;
				GCC_C_LANGUAGE_STANDARD = gnu11;
				GCC_DYNAMIC_NO_PIC = NO;
				GCC_NO_COMMON_BLOCKS = YES;
				GCC_OPTIMIZATION_LEVEL = 0;
				GCC_PREPROCESSOR_DEFINITIONS = (
					"DEBUG=1",
					"$(inherited)",
				);
				GCC_WARN_64_TO_32_BIT_CONVERSION = YES;
				GCC_WARN_ABOUT_RETURN_TYPE = YES_ERROR;
				GCC_WARN_UNDECLARED_SELECTOR = YES;
				GCC_WARN_UNINITIALIZED_AUTOS = YES_AGGRESSIVE;
				GCC_WARN_UNUSED_FUNCTION = YES;
				GCC_WARN_UNUSED_VARIABLE = YES;
				IPHONEOS_DEPLOYMENT_TARGET = 13.4;
				MTL_ENABLE_DEBUG_INFO = INCLUDE_SOURCE;
				MTL_FAST_MATH = YES;
				ONLY_ACTIVE_ARCH = YES;
				SDKROOT = iphoneos;
				SWIFT_ACTIVE_COMPILATION_CONDITIONS = DEBUG;
				SWIFT_OPTIMIZATION_LEVEL = "-Onone";
			};
			name = Debug;
		};
		F405E0C324347C1A00685404 /* Release */ = {
			isa = XCBuildConfiguration;
			buildSettings = {
				ALWAYS_SEARCH_USER_PATHS = NO;
				CLANG_ANALYZER_NONNULL = YES;
				CLANG_ANALYZER_NUMBER_OBJECT_CONVERSION = YES_AGGRESSIVE;
				CLANG_CXX_LANGUAGE_STANDARD = "gnu++14";
				CLANG_CXX_LIBRARY = "libc++";
				CLANG_ENABLE_MODULES = YES;
				CLANG_ENABLE_OBJC_ARC = YES;
				CLANG_ENABLE_OBJC_WEAK = YES;
				CLANG_WARN_BLOCK_CAPTURE_AUTORELEASING = YES;
				CLANG_WARN_BOOL_CONVERSION = YES;
				CLANG_WARN_COMMA = YES;
				CLANG_WARN_CONSTANT_CONVERSION = YES;
				CLANG_WARN_DEPRECATED_OBJC_IMPLEMENTATIONS = YES;
				CLANG_WARN_DIRECT_OBJC_ISA_USAGE = YES_ERROR;
				CLANG_WARN_DOCUMENTATION_COMMENTS = YES;
				CLANG_WARN_EMPTY_BODY = YES;
				CLANG_WARN_ENUM_CONVERSION = YES;
				CLANG_WARN_INFINITE_RECURSION = YES;
				CLANG_WARN_INT_CONVERSION = YES;
				CLANG_WARN_NON_LITERAL_NULL_CONVERSION = YES;
				CLANG_WARN_OBJC_IMPLICIT_RETAIN_SELF = YES;
				CLANG_WARN_OBJC_LITERAL_CONVERSION = YES;
				CLANG_WARN_OBJC_ROOT_CLASS = YES_ERROR;
				CLANG_WARN_RANGE_LOOP_ANALYSIS = YES;
				CLANG_WARN_STRICT_PROTOTYPES = YES;
				CLANG_WARN_SUSPICIOUS_MOVE = YES;
				CLANG_WARN_UNGUARDED_AVAILABILITY = YES_AGGRESSIVE;
				CLANG_WARN_UNREACHABLE_CODE = YES;
				CLANG_WARN__DUPLICATE_METHOD_MATCH = YES;
				COPY_PHASE_STRIP = NO;
				DEBUG_INFORMATION_FORMAT = "dwarf-with-dsym";
				ENABLE_NS_ASSERTIONS = NO;
				ENABLE_STRICT_OBJC_MSGSEND = YES;
				GCC_C_LANGUAGE_STANDARD = gnu11;
				GCC_NO_COMMON_BLOCKS = YES;
				GCC_WARN_64_TO_32_BIT_CONVERSION = YES;
				GCC_WARN_ABOUT_RETURN_TYPE = YES_ERROR;
				GCC_WARN_UNDECLARED_SELECTOR = YES;
				GCC_WARN_UNINITIALIZED_AUTOS = YES_AGGRESSIVE;
				GCC_WARN_UNUSED_FUNCTION = YES;
				GCC_WARN_UNUSED_VARIABLE = YES;
				IPHONEOS_DEPLOYMENT_TARGET = 13.4;
				MTL_ENABLE_DEBUG_INFO = NO;
				MTL_FAST_MATH = YES;
				SDKROOT = iphoneos;
				SWIFT_COMPILATION_MODE = wholemodule;
				SWIFT_OPTIMIZATION_LEVEL = "-O";
				VALIDATE_PRODUCT = YES;
			};
			name = Release;
		};
		F405E0C524347C1A00685404 /* Debug */ = {
			isa = XCBuildConfiguration;
			buildSettings = {
				ASSETCATALOG_COMPILER_APPICON_NAME = AppIcon;
				CODE_SIGN_STYLE = Automatic;
				DEVELOPMENT_ASSET_PATHS = "\"Bookworm/Preview Content\"";
				DEVELOPMENT_TEAM = DK2XHT6UG4;
				ENABLE_PREVIEWS = YES;
				INFOPLIST_FILE = Bookworm/Info.plist;
				LD_RUNPATH_SEARCH_PATHS = (
					"$(inherited)",
					"@executable_path/Frameworks",
				);
				PRODUCT_BUNDLE_IDENTIFIER = com.usinglight.Bookworm;
				PRODUCT_NAME = "$(TARGET_NAME)";
				SWIFT_VERSION = 5.0;
				TARGETED_DEVICE_FAMILY = "1,2";
			};
			name = Debug;
		};
		F405E0C624347C1A00685404 /* Release */ = {
			isa = XCBuildConfiguration;
			buildSettings = {
				ASSETCATALOG_COMPILER_APPICON_NAME = AppIcon;
				CODE_SIGN_STYLE = Automatic;
				DEVELOPMENT_ASSET_PATHS = "\"Bookworm/Preview Content\"";
				DEVELOPMENT_TEAM = DK2XHT6UG4;
				ENABLE_PREVIEWS = YES;
				INFOPLIST_FILE = Bookworm/Info.plist;
				LD_RUNPATH_SEARCH_PATHS = (
					"$(inherited)",
					"@executable_path/Frameworks",
				);
				PRODUCT_BUNDLE_IDENTIFIER = com.usinglight.Bookworm;
				PRODUCT_NAME = "$(TARGET_NAME)";
				SWIFT_VERSION = 5.0;
				TARGETED_DEVICE_FAMILY = "1,2";
			};
			name = Release;
		};
/* End XCBuildConfiguration section */

/* Begin XCConfigurationList section */
		F405E0A824347C1900685404 /* Build configuration list for PBXProject "Bookworm" */ = {
			isa = XCConfigurationList;
			buildConfigurations = (
				F405E0C224347C1A00685404 /* Debug */,
				F405E0C324347C1A00685404 /* Release */,
			);
			defaultConfigurationIsVisible = 0;
			defaultConfigurationName = Release;
		};
		F405E0C424347C1A00685404 /* Build configuration list for PBXNativeTarget "Bookworm" */ = {
			isa = XCConfigurationList;
			buildConfigurations = (
				F405E0C524347C1A00685404 /* Debug */,
				F405E0C624347C1A00685404 /* Release */,
			);
			defaultConfigurationIsVisible = 0;
			defaultConfigurationName = Release;
		};
/* End XCConfigurationList section */

/* Begin XCVersionGroup section */
		F405E0B424347C1A00685404 /* Bookworm.xcdatamodeld */ = {
			isa = XCVersionGroup;
			children = (
				F405E0B524347C1A00685404 /* Bookworm.xcdatamodel */,
			);
			currentVersion = F405E0B524347C1A00685404 /* Bookworm.xcdatamodel */;
			path = Bookworm.xcdatamodeld;
			sourceTree = "<group>";
			versionGroupType = wrapper.xcdatamodel;
		};
/* End XCVersionGroup section */
	};
	rootObject = F405E0A524347C1900685404 /* Project object */;
}
